
Microsoft Visual Studio Solution File, Format Version 12.00
# Visual Studio 14
VisualStudioVersion = 14.0.23107.0
MinimumVisualStudioVersion = 10.0.40219.1
Project("{FAE04EC0-301F-11D3-BF4B-00C04F79EFBC}") = "MachineGUI", "Machine\MachineGUI.csproj", "{1EBA3EAD-BBC6-4915-8388-FA66E85BE2F5}"
EndProject
Project("{FAE04EC0-301F-11D3-BF4B-00C04F79EFBC}") = "UnitTests", "UnitTests\UnitTests.csproj", "{CE8964F5-CABA-45DB-A084-D89B3DCBB0A6}"
EndProject
Global
	GlobalSection(SolutionConfigurationPlatforms) = preSolution
		Debug|Any CPU = Debug|Any CPU
		Release|Any CPU = Release|Any CPU
	EndGlobalSection
	GlobalSection(ProjectConfigurationPlatforms) = postSolution
		{1EBA3EAD-BBC6-4915-8388-FA66E85BE2F5}.Debug|Any CPU.ActiveCfg = Debug|Any CPU
		{1EBA3EAD-BBC6-4915-8388-FA66E85BE2F5}.Debug|Any CPU.Build.0 = Debug|Any CPU
		{1EBA3EAD-BBC6-4915-8388-FA66E85BE2F5}.Release|Any CPU.ActiveCfg = Release|Any CPU
		{1EBA3EAD-BBC6-4915-8388-FA66E85BE2F5}.Release|Any CPU.Build.0 = Release|Any CPU
		{CE8964F5-CABA-45DB-A084-D89B3DCBB0A6}.Debug|Any CPU.ActiveCfg = Debug|Any CPU
		{CE8964F5-CABA-45DB-A084-D89B3DCBB0A6}.Debug|Any CPU.Build.0 = Debug|Any CPU
		{CE8964F5-CABA-45DB-A084-D89B3DCBB0A6}.Release|Any CPU.ActiveCfg = Release|Any CPU
		{CE8964F5-CABA-45DB-A084-D89B3DCBB0A6}.Release|Any CPU.Build.0 = Release|Any CPU
	EndGlobalSection
	GlobalSection(SolutionProperties) = preSolution
		HideSolutionNode = FALSE
	EndGlobalSection
EndGlobal
